
Microsoft Visual Studio Solution File, Format Version 12.00
# Visual Studio Version 17
VisualStudioVersion = 17.13.35818.85
MinimumVisualStudioVersion = 10.0.40219.1
Project("{FAE04EC0-301F-11D3-BF4B-00C04F79EFBC}") = "SmartBike.API", "SmartBike.API\SmartBike.API.csproj", "{2870D99B-0092-4B0D-B3F8-F0674223573A}"
EndProject
Project("{FAE04EC0-301F-11D3-BF4B-00C04F79EFBC}") = "SmartBike.Entidades", "SmartBike.Entidades\SmartBike.Entidades.csproj", "{919E8273-4687-4377-8F27-BDB66F53E6BE}"
EndProject
Project("{FAE04EC0-301F-11D3-BF4B-00C04F79EFBC}") = "SmartBike_Mobile", "SmartBike_Mobile\SmartBike_Mobile.csproj", "{3AA2339D-3595-49E3-BC6B-7E296D56F5B2}"
EndProject
Global
	GlobalSection(SolutionConfigurationPlatforms) = preSolution
		Debug|Any CPU = Debug|Any CPU
		Release|Any CPU = Release|Any CPU
	EndGlobalSection
	GlobalSection(ProjectConfigurationPlatforms) = postSolution
		{2870D99B-0092-4B0D-B3F8-F0674223573A}.Debug|Any CPU.ActiveCfg = Debug|Any CPU
		{2870D99B-0092-4B0D-B3F8-F0674223573A}.Debug|Any CPU.Build.0 = Debug|Any CPU
		{2870D99B-0092-4B0D-B3F8-F0674223573A}.Release|Any CPU.ActiveCfg = Release|Any CPU
		{2870D99B-0092-4B0D-B3F8-F0674223573A}.Release|Any CPU.Build.0 = Release|Any CPU
		{919E8273-4687-4377-8F27-BDB66F53E6BE}.Debug|Any CPU.ActiveCfg = Debug|Any CPU
		{919E8273-4687-4377-8F27-BDB66F53E6BE}.Debug|Any CPU.Build.0 = Debug|Any CPU
		{919E8273-4687-4377-8F27-BDB66F53E6BE}.Release|Any CPU.ActiveCfg = Release|Any CPU
		{919E8273-4687-4377-8F27-BDB66F53E6BE}.Release|Any CPU.Build.0 = Release|Any CPU
		{3AA2339D-3595-49E3-BC6B-7E296D56F5B2}.Debug|Any CPU.ActiveCfg = Debug|Any CPU
		{3AA2339D-3595-49E3-BC6B-7E296D56F5B2}.Debug|Any CPU.Build.0 = Debug|Any CPU
		{3AA2339D-3595-49E3-BC6B-7E296D56F5B2}.Debug|Any CPU.Deploy.0 = Debug|Any CPU
		{3AA2339D-3595-49E3-BC6B-7E296D56F5B2}.Release|Any CPU.ActiveCfg = Release|Any CPU
		{3AA2339D-3595-49E3-BC6B-7E296D56F5B2}.Release|Any CPU.Build.0 = Release|Any CPU
		{3AA2339D-3595-49E3-BC6B-7E296D56F5B2}.Release|Any CPU.Deploy.0 = Release|Any CPU
	EndGlobalSection
	GlobalSection(SolutionProperties) = preSolution
		HideSolutionNode = FALSE
	EndGlobalSection
	GlobalSection(ExtensibilityGlobals) = postSolution
		SolutionGuid = {04FC671B-FCD0-4F53-8345-3360C56C2F93}
	EndGlobalSection
EndGlobal
